
Microsoft Visual Studio Solution File, Format Version 12.00
# Visual Studio Version 17
VisualStudioVersion = 17.0.32126.317
MinimumVisualStudioVersion = 10.0.40219.1
Project("{9A19103F-16F7-4668-BE54-9A1E7A4F7556}") = "WinProcess", "WinProcess\WinProcess.csproj", "{28A3796C-CE00-417B-8A9C-556D39F8105D}"
EndProject
Project("{FAE04EC0-301F-11D3-BF4B-00C04F79EFBC}") = "CalculatorTask3", "CalculatorTask3\CalculatorTask3.csproj", "{F6707E2B-3038-4CE5-851A-7ECC33E48272}"
EndProject
Global
	GlobalSection(SolutionConfigurationPlatforms) = preSolution
		Debug|Any CPU = Debug|Any CPU
		Release|Any CPU = Release|Any CPU
	EndGlobalSection
	GlobalSection(ProjectConfigurationPlatforms) = postSolution
		{28A3796C-CE00-417B-8A9C-556D39F8105D}.Debug|Any CPU.ActiveCfg = Debug|Any CPU
		{28A3796C-CE00-417B-8A9C-556D39F8105D}.Debug|Any CPU.Build.0 = Debug|Any CPU
		{28A3796C-CE00-417B-8A9C-556D39F8105D}.Release|Any CPU.ActiveCfg = Release|Any CPU
		{28A3796C-CE00-417B-8A9C-556D39F8105D}.Release|Any CPU.Build.0 = Release|Any CPU
		{F6707E2B-3038-4CE5-851A-7ECC33E48272}.Debug|Any CPU.ActiveCfg = Debug|Any CPU
		{F6707E2B-3038-4CE5-851A-7ECC33E48272}.Debug|Any CPU.Build.0 = Debug|Any CPU
		{F6707E2B-3038-4CE5-851A-7ECC33E48272}.Release|Any CPU.ActiveCfg = Release|Any CPU
		{F6707E2B-3038-4CE5-851A-7ECC33E48272}.Release|Any CPU.Build.0 = Release|Any CPU
	EndGlobalSection
	GlobalSection(SolutionProperties) = preSolution
		HideSolutionNode = FALSE
	EndGlobalSection
	GlobalSection(ExtensibilityGlobals) = postSolution
		SolutionGuid = {457FE8E0-CA0C-45D1-928A-736D7BF7F841}
	EndGlobalSection
EndGlobal
